// !$*UTF8*$!
{
	archiveVersion = 1;
	classes = {
	};
	objectVersion = 52;
	objects = {

/* Begin PBXBuildFile section */
		18541D862686BAD700CF9227 /* ButtonColorExtension.swift in Sources */ = {isa = PBXBuildFile; fileRef = 18541D852686BAD700CF9227 /* ButtonColorExtension.swift */; };
		18541D8A2686CB3A00CF9227 /* SetUp.swift in Sources */ = {isa = PBXBuildFile; fileRef = 18541D892686CB3A00CF9227 /* SetUp.swift */; };
		18541D8E2686DA5000CF9227 /* Login.storyboard in Resources */ = {isa = PBXBuildFile; fileRef = 18541D8D2686DA5000CF9227 /* Login.storyboard */; };
		18541D912686DAB900CF9227 /* LoginViewController.swift in Sources */ = {isa = PBXBuildFile; fileRef = 18541D902686DAB900CF9227 /* LoginViewController.swift */; };
		18541D992686EC0C00CF9227 /* LoginHomeScreenViewController.swift in Sources */ = {isa = PBXBuildFile; fileRef = 18541D982686EC0C00CF9227 /* LoginHomeScreenViewController.swift */; };
		18541D9C2686EC4700CF9227 /* LoginHomeScreen.storyboard in Resources */ = {isa = PBXBuildFile; fileRef = 18541D9B2686EC4700CF9227 /* LoginHomeScreen.storyboard */; };
		18541DA1268788EA00CF9227 /* NetworkService.swift in Sources */ = {isa = PBXBuildFile; fileRef = 18541DA0268788EA00CF9227 /* NetworkService.swift */; };
		18541DA526878A0D00CF9227 /* Route.swift in Sources */ = {isa = PBXBuildFile; fileRef = 18541DA426878A0D00CF9227 /* Route.swift */; };
		18541DA926878BA100CF9227 /* Method.swift in Sources */ = {isa = PBXBuildFile; fileRef = 18541DA826878BA100CF9227 /* Method.swift */; };
		18541DB42687904300CF9227 /* String+Extension.swift in Sources */ = {isa = PBXBuildFile; fileRef = 18541DB32687904300CF9227 /* String+Extension.swift */; };
		18541DB726879BF000CF9227 /* NetworkingError.swift in Sources */ = {isa = PBXBuildFile; fileRef = 18541DB626879BF000CF9227 /* NetworkingError.swift */; };
		18541DBA2687ACFC00CF9227 /* NetworkResponse.swift in Sources */ = {isa = PBXBuildFile; fileRef = 18541DB92687ACFC00CF9227 /* NetworkResponse.swift */; };
		18541DBD2687E37300CF9227 /* RegisterStruct.swift in Sources */ = {isa = PBXBuildFile; fileRef = 18541DBC2687E37300CF9227 /* RegisterStruct.swift */; };
		18541DC12687E81700CF9227 /* AuthenticationStruct.swift in Sources */ = {isa = PBXBuildFile; fileRef = 18541DC02687E81700CF9227 /* AuthenticationStruct.swift */; };
		18541DC42687E8CC00CF9227 /* Validation+Extension.swift in Sources */ = {isa = PBXBuildFile; fileRef = 18541DC32687E8CC00CF9227 /* Validation+Extension.swift */; };
		18541DCE268822E400CF9227 /* Alert.swift in Sources */ = {isa = PBXBuildFile; fileRef = 18541DCD268822E400CF9227 /* Alert.swift */; };
		18541DD226882F7700CF9227 /* HomeScreen.storyboard in Resources */ = {isa = PBXBuildFile; fileRef = 18541DD126882F7700CF9227 /* HomeScreen.storyboard */; };
		18541DD526882FAF00CF9227 /* HomeScreenViewController.swift in Sources */ = {isa = PBXBuildFile; fileRef = 18541DD426882FAF00CF9227 /* HomeScreenViewController.swift */; };
		18541DF42688D01A00CF9227 /* CornerRadius+Extension.swift in Sources */ = {isa = PBXBuildFile; fileRef = 18541DF32688D01A00CF9227 /* CornerRadius+Extension.swift */; };
		18541DF9268929BA00CF9227 /* FeedbackStruct.swift in Sources */ = {isa = PBXBuildFile; fileRef = 18541DF8268929BA00CF9227 /* FeedbackStruct.swift */; };
		18541DFD26894EB900CF9227 /* IQKeyboardManagerSwift in Frameworks */ = {isa = PBXBuildFile; productRef = 18541DFC26894EB900CF9227 /* IQKeyboardManagerSwift */; };
		18541E002689572F00CF9227 /* UserdefaulManager.swift in Sources */ = {isa = PBXBuildFile; fileRef = 18541DFF2689572F00CF9227 /* UserdefaulManager.swift */; };
		18541E0426896C3F00CF9227 /* Cards.storyboard in Resources */ = {isa = PBXBuildFile; fileRef = 18541E0326896C3F00CF9227 /* Cards.storyboard */; };
		18541E0726896C6500CF9227 /* CardsViewController.swift in Sources */ = {isa = PBXBuildFile; fileRef = 18541E0626896C6500CF9227 /* CardsViewController.swift */; };
		18541E0A268972DE00CF9227 /* CollectionViewCell.swift in Sources */ = {isa = PBXBuildFile; fileRef = 18541E09268972DE00CF9227 /* CollectionViewCell.swift */; };
		187D6CC5268691DE0011D56D /* AppDelegate.swift in Sources */ = {isa = PBXBuildFile; fileRef = 187D6CC4268691DE0011D56D /* AppDelegate.swift */; };
		187D6CC7268691DE0011D56D /* SceneDelegate.swift in Sources */ = {isa = PBXBuildFile; fileRef = 187D6CC6268691DE0011D56D /* SceneDelegate.swift */; };
		187D6CC9268691DE0011D56D /* SignUpViewController.swift in Sources */ = {isa = PBXBuildFile; fileRef = 187D6CC8268691DE0011D56D /* SignUpViewController.swift */; };
		187D6CCC268691DE0011D56D /* Main.storyboard in Resources */ = {isa = PBXBuildFile; fileRef = 187D6CCA268691DE0011D56D /* Main.storyboard */; };
		187D6CCE268691E00011D56D /* Assets.xcassets in Resources */ = {isa = PBXBuildFile; fileRef = 187D6CCD268691E00011D56D /* Assets.xcassets */; };
		187D6CD1268691E00011D56D /* LaunchScreen.storyboard in Resources */ = {isa = PBXBuildFile; fileRef = 187D6CCF268691E00011D56D /* LaunchScreen.storyboard */; };
/* End PBXBuildFile section */

/* Begin PBXFileReference section */
		18541D852686BAD700CF9227 /* ButtonColorExtension.swift */ = {isa = PBXFileReference; lastKnownFileType = sourcecode.swift; path = ButtonColorExtension.swift; sourceTree = "<group>"; };
		18541D892686CB3A00CF9227 /* SetUp.swift */ = {isa = PBXFileReference; lastKnownFileType = sourcecode.swift; path = SetUp.swift; sourceTree = "<group>"; };
		18541D8D2686DA5000CF9227 /* Login.storyboard */ = {isa = PBXFileReference; lastKnownFileType = file.storyboard; path = Login.storyboard; sourceTree = "<group>"; };
		18541D902686DAB900CF9227 /* LoginViewController.swift */ = {isa = PBXFileReference; lastKnownFileType = sourcecode.swift; path = LoginViewController.swift; sourceTree = "<group>"; };
		18541D982686EC0C00CF9227 /* LoginHomeScreenViewController.swift */ = {isa = PBXFileReference; lastKnownFileType = sourcecode.swift; path = LoginHomeScreenViewController.swift; sourceTree = "<group>"; };
		18541D9B2686EC4700CF9227 /* LoginHomeScreen.storyboard */ = {isa = PBXFileReference; lastKnownFileType = file.storyboard; path = LoginHomeScreen.storyboard; sourceTree = "<group>"; };
		18541DA0268788EA00CF9227 /* NetworkService.swift */ = {isa = PBXFileReference; lastKnownFileType = sourcecode.swift; path = NetworkService.swift; sourceTree = "<group>"; };
		18541DA426878A0D00CF9227 /* Route.swift */ = {isa = PBXFileReference; lastKnownFileType = sourcecode.swift; path = Route.swift; sourceTree = "<group>"; };
		18541DA826878BA100CF9227 /* Method.swift */ = {isa = PBXFileReference; lastKnownFileType = sourcecode.swift; path = Method.swift; sourceTree = "<group>"; };
		18541DB32687904300CF9227 /* String+Extension.swift */ = {isa = PBXFileReference; lastKnownFileType = sourcecode.swift; path = "String+Extension.swift"; sourceTree = "<group>"; };
		18541DB626879BF000CF9227 /* NetworkingError.swift */ = {isa = PBXFileReference; lastKnownFileType = sourcecode.swift; path = NetworkingError.swift; sourceTree = "<group>"; };
		18541DB92687ACFC00CF9227 /* NetworkResponse.swift */ = {isa = PBXFileReference; lastKnownFileType = sourcecode.swift; path = NetworkResponse.swift; sourceTree = "<group>"; };
		18541DBC2687E37300CF9227 /* RegisterStruct.swift */ = {isa = PBXFileReference; lastKnownFileType = sourcecode.swift; path = RegisterStruct.swift; sourceTree = "<group>"; };
		18541DC02687E81700CF9227 /* AuthenticationStruct.swift */ = {isa = PBXFileReference; lastKnownFileType = sourcecode.swift; path = AuthenticationStruct.swift; sourceTree = "<group>"; };
		18541DC32687E8CC00CF9227 /* Validation+Extension.swift */ = {isa = PBXFileReference; fileEncoding = 4; lastKnownFileType = sourcecode.swift; path = "Validation+Extension.swift"; sourceTree = "<group>"; };
		18541DCD268822E400CF9227 /* Alert.swift */ = {isa = PBXFileReference; lastKnownFileType = sourcecode.swift; path = Alert.swift; sourceTree = "<group>"; };
		18541DD126882F7700CF9227 /* HomeScreen.storyboard */ = {isa = PBXFileReference; lastKnownFileType = file.storyboard; path = HomeScreen.storyboard; sourceTree = "<group>"; };
		18541DD426882FAF00CF9227 /* HomeScreenViewController.swift */ = {isa = PBXFileReference; lastKnownFileType = sourcecode.swift; path = HomeScreenViewController.swift; sourceTree = "<group>"; };
		18541DF32688D01A00CF9227 /* CornerRadius+Extension.swift */ = {isa = PBXFileReference; lastKnownFileType = sourcecode.swift; path = "CornerRadius+Extension.swift"; sourceTree = "<group>"; };
		18541DF8268929BA00CF9227 /* FeedbackStruct.swift */ = {isa = PBXFileReference; lastKnownFileType = sourcecode.swift; path = FeedbackStruct.swift; sourceTree = "<group>"; };
		18541DFF2689572F00CF9227 /* UserdefaulManager.swift */ = {isa = PBXFileReference; lastKnownFileType = sourcecode.swift; path = UserdefaulManager.swift; sourceTree = "<group>"; };
		18541E0326896C3F00CF9227 /* Cards.storyboard */ = {isa = PBXFileReference; lastKnownFileType = file.storyboard; path = Cards.storyboard; sourceTree = "<group>"; };
		18541E0626896C6500CF9227 /* CardsViewController.swift */ = {isa = PBXFileReference; lastKnownFileType = sourcecode.swift; path = CardsViewController.swift; sourceTree = "<group>"; };
		18541E09268972DE00CF9227 /* CollectionViewCell.swift */ = {isa = PBXFileReference; lastKnownFileType = sourcecode.swift; path = CollectionViewCell.swift; sourceTree = "<group>"; };
		187D6CC1268691DE0011D56D /* Fundall-Mini-Project.app */ = {isa = PBXFileReference; explicitFileType = wrapper.application; includeInIndex = 0; path = "Fundall-Mini-Project.app"; sourceTree = BUILT_PRODUCTS_DIR; };
		187D6CC4268691DE0011D56D /* AppDelegate.swift */ = {isa = PBXFileReference; lastKnownFileType = sourcecode.swift; path = AppDelegate.swift; sourceTree = "<group>"; };
		187D6CC6268691DE0011D56D /* SceneDelegate.swift */ = {isa = PBXFileReference; lastKnownFileType = sourcecode.swift; path = SceneDelegate.swift; sourceTree = "<group>"; };
		187D6CC8268691DE0011D56D /* SignUpViewController.swift */ = {isa = PBXFileReference; lastKnownFileType = sourcecode.swift; path = SignUpViewController.swift; sourceTree = "<group>"; };
		187D6CCB268691DE0011D56D /* Base */ = {isa = PBXFileReference; lastKnownFileType = file.storyboard; name = Base; path = Base.lproj/Main.storyboard; sourceTree = "<group>"; };
		187D6CCD268691E00011D56D /* Assets.xcassets */ = {isa = PBXFileReference; lastKnownFileType = folder.assetcatalog; path = Assets.xcassets; sourceTree = "<group>"; };
		187D6CD0268691E00011D56D /* Base */ = {isa = PBXFileReference; lastKnownFileType = file.storyboard; name = Base; path = Base.lproj/LaunchScreen.storyboard; sourceTree = "<group>"; };
		187D6CD2268691E00011D56D /* Info.plist */ = {isa = PBXFileReference; lastKnownFileType = text.plist.xml; path = Info.plist; sourceTree = "<group>"; };
/* End PBXFileReference section */

/* Begin PBXFrameworksBuildPhase section */
		187D6CBE268691DE0011D56D /* Frameworks */ = {
			isa = PBXFrameworksBuildPhase;
			buildActionMask = 2147483647;
			files = (
				18541DFD26894EB900CF9227 /* IQKeyboardManagerSwift in Frameworks */,
			);
			runOnlyForDeploymentPostprocessing = 0;
		};
/* End PBXFrameworksBuildPhase section */

/* Begin PBXGroup section */
		18541D842686BA8A00CF9227 /* Extensions */ = {
			isa = PBXGroup;
			children = (
				18541DC32687E8CC00CF9227 /* Validation+Extension.swift */,
				18541D852686BAD700CF9227 /* ButtonColorExtension.swift */,
				18541DB32687904300CF9227 /* String+Extension.swift */,
				18541DF32688D01A00CF9227 /* CornerRadius+Extension.swift */,
			);
			path = Extensions;
			sourceTree = "<group>";
		};
		18541D8C2686DA2000CF9227 /* Log In */ = {
			isa = PBXGroup;
			children = (
				18541D8D2686DA5000CF9227 /* Login.storyboard */,
				18541D902686DAB900CF9227 /* LoginViewController.swift */,
			);
			path = "Log In";
			sourceTree = "<group>";
		};
		18541D972686EBCF00CF9227 /* Login Home Screen */ = {
			isa = PBXGroup;
			children = (
				18541D982686EC0C00CF9227 /* LoginHomeScreenViewController.swift */,
				18541D9B2686EC4700CF9227 /* LoginHomeScreen.storyboard */,
			);
			path = "Login Home Screen";
			sourceTree = "<group>";
		};
		18541D9F268788C100CF9227 /* Networking */ = {
			isa = PBXGroup;
			children = (
				18541DA0268788EA00CF9227 /* NetworkService.swift */,
				18541DC02687E81700CF9227 /* AuthenticationStruct.swift */,
				18541DA426878A0D00CF9227 /* Route.swift */,
				18541DA826878BA100CF9227 /* Method.swift */,
				18541DB626879BF000CF9227 /* NetworkingError.swift */,
				18541DB92687ACFC00CF9227 /* NetworkResponse.swift */,
				18541DBC2687E37300CF9227 /* RegisterStruct.swift */,
				18541DF8268929BA00CF9227 /* FeedbackStruct.swift */,
			);
			path = Networking;
			sourceTree = "<group>";
		};
		18541DCB2688226D00CF9227 /* Helper classes */ = {
			isa = PBXGroup;
			children = (
				18541D892686CB3A00CF9227 /* SetUp.swift */,
				18541DCD268822E400CF9227 /* Alert.swift */,
				18541DFF2689572F00CF9227 /* UserdefaulManager.swift */,
			);
			path = "Helper classes";
			sourceTree = "<group>";
		};
		18541DD026882F4D00CF9227 /* Home Screen */ = {
			isa = PBXGroup;
			children = (
				18541DD126882F7700CF9227 /* HomeScreen.storyboard */,
				18541DD426882FAF00CF9227 /* HomeScreenViewController.swift */,
			);
			path = "Home Screen";
			sourceTree = "<group>";
		};
		18541E0226896C1400CF9227 /* Cards */ = {
			isa = PBXGroup;
			children = (
				18541E0326896C3F00CF9227 /* Cards.storyboard */,
				18541E0626896C6500CF9227 /* CardsViewController.swift */,
				18541E09268972DE00CF9227 /* CollectionViewCell.swift */,
			);
			path = Cards;
			sourceTree = "<group>";
		};
		187D6CB8268691DE0011D56D = {
			isa = PBXGroup;
			children = (
				187D6CC3268691DE0011D56D /* Fundall-Mini-Project */,
				187D6CC2268691DE0011D56D /* Products */,
			);
			sourceTree = "<group>";
		};
		187D6CC2268691DE0011D56D /* Products */ = {
			isa = PBXGroup;
			children = (
				187D6CC1268691DE0011D56D /* Fundall-Mini-Project.app */,
			);
			name = Products;
			sourceTree = "<group>";
		};
		187D6CC3268691DE0011D56D /* Fundall-Mini-Project */ = {
			isa = PBXGroup;
			children = (
				18541E0226896C1400CF9227 /* Cards */,
				18541DD026882F4D00CF9227 /* Home Screen */,
				18541DCB2688226D00CF9227 /* Helper classes */,
				18541D9F268788C100CF9227 /* Networking */,
				187D6CDD26869BF00011D56D /* Sign Up */,
				18541D972686EBCF00CF9227 /* Login Home Screen */,
				18541D8C2686DA2000CF9227 /* Log In */,
				18541D842686BA8A00CF9227 /* Extensions */,
				187D6CDA268692B10011D56D /* Assets */,
				187D6CD9268692840011D56D /* Delegates */,
				187D6CCF268691E00011D56D /* LaunchScreen.storyboard */,
				187D6CD2268691E00011D56D /* Info.plist */,
			);
			path = "Fundall-Mini-Project";
			sourceTree = "<group>";
		};
		187D6CD9268692840011D56D /* Delegates */ = {
			isa = PBXGroup;
			children = (
				187D6CC4268691DE0011D56D /* AppDelegate.swift */,
				187D6CC6268691DE0011D56D /* SceneDelegate.swift */,
			);
			path = Delegates;
			sourceTree = "<group>";
		};
		187D6CDA268692B10011D56D /* Assets */ = {
			isa = PBXGroup;
			children = (
				187D6CCD268691E00011D56D /* Assets.xcassets */,
			);
			path = Assets;
			sourceTree = "<group>";
		};
		187D6CDD26869BF00011D56D /* Sign Up */ = {
			isa = PBXGroup;
			children = (
				187D6CC8268691DE0011D56D /* SignUpViewController.swift */,
				187D6CCA268691DE0011D56D /* Main.storyboard */,
			);
			path = "Sign Up";
			sourceTree = "<group>";
		};
/* End PBXGroup section */

/* Begin PBXNativeTarget section */
		187D6CC0268691DE0011D56D /* Fundall-Mini-Project */ = {
			isa = PBXNativeTarget;
			buildConfigurationList = 187D6CD5268691E00011D56D /* Build configuration list for PBXNativeTarget "Fundall-Mini-Project" */;
			buildPhases = (
				187D6CBD268691DE0011D56D /* Sources */,
				187D6CBE268691DE0011D56D /* Frameworks */,
				187D6CBF268691DE0011D56D /* Resources */,
			);
			buildRules = (
			);
			dependencies = (
			);
			name = "Fundall-Mini-Project";
			packageProductDependencies = (
				18541DFC26894EB900CF9227 /* IQKeyboardManagerSwift */,
			);
			productName = "Fundall-Mini-Project";
			productReference = 187D6CC1268691DE0011D56D /* Fundall-Mini-Project.app */;
			productType = "com.apple.product-type.application";
		};
/* End PBXNativeTarget section */

/* Begin PBXProject section */
		187D6CB9268691DE0011D56D /* Project object */ = {
			isa = PBXProject;
			attributes = {
				LastSwiftUpdateCheck = 1240;
				LastUpgradeCheck = 1240;
				TargetAttributes = {
					187D6CC0268691DE0011D56D = {
						CreatedOnToolsVersion = 12.4;
					};
				};
			};
			buildConfigurationList = 187D6CBC268691DE0011D56D /* Build configuration list for PBXProject "Fundall-Mini-Project" */;
			compatibilityVersion = "Xcode 9.3";
			developmentRegion = en;
			hasScannedForEncodings = 0;
			knownRegions = (
				en,
				Base,
			);
			mainGroup = 187D6CB8268691DE0011D56D;
			packageReferences = (
				18541DFB26894EB900CF9227 /* XCRemoteSwiftPackageReference "IQKeyboardManager" */,
			);
			productRefGroup = 187D6CC2268691DE0011D56D /* Products */;
			projectDirPath = "";
			projectRoot = "";
			targets = (
				187D6CC0268691DE0011D56D /* Fundall-Mini-Project */,
			);
		};
/* End PBXProject section */

/* Begin PBXResourcesBuildPhase section */
		187D6CBF268691DE0011D56D /* Resources */ = {
			isa = PBXResourcesBuildPhase;
			buildActionMask = 2147483647;
			files = (
				18541D8E2686DA5000CF9227 /* Login.storyboard in Resources */,
				187D6CD1268691E00011D56D /* LaunchScreen.storyboard in Resources */,
				187D6CCE268691E00011D56D /* Assets.xcassets in Resources */,
				18541DD226882F7700CF9227 /* HomeScreen.storyboard in Resources */,
				18541D9C2686EC4700CF9227 /* LoginHomeScreen.storyboard in Resources */,
				187D6CCC268691DE0011D56D /* Main.storyboard in Resources */,
				18541E0426896C3F00CF9227 /* Cards.storyboard in Resources */,
			);
			runOnlyForDeploymentPostprocessing = 0;
		};
/* End PBXResourcesBuildPhase section */

/* Begin PBXSourcesBuildPhase section */
		187D6CBD268691DE0011D56D /* Sources */ = {
			isa = PBXSourcesBuildPhase;
			buildActionMask = 2147483647;
			files = (
				18541E002689572F00CF9227 /* UserdefaulManager.swift in Sources */,
				18541DA926878BA100CF9227 /* Method.swift in Sources */,
				18541DC12687E81700CF9227 /* AuthenticationStruct.swift in Sources */,
				18541DB42687904300CF9227 /* String+Extension.swift in Sources */,
				18541DCE268822E400CF9227 /* Alert.swift in Sources */,
				18541DA526878A0D00CF9227 /* Route.swift in Sources */,
				18541E0A268972DE00CF9227 /* CollectionViewCell.swift in Sources */,
				18541DD526882FAF00CF9227 /* HomeScreenViewController.swift in Sources */,
				18541D912686DAB900CF9227 /* LoginViewController.swift in Sources */,
				18541DF42688D01A00CF9227 /* CornerRadius+Extension.swift in Sources */,
				187D6CC9268691DE0011D56D /* SignUpViewController.swift in Sources */,
				18541DF9268929BA00CF9227 /* FeedbackStruct.swift in Sources */,
				18541DA1268788EA00CF9227 /* NetworkService.swift in Sources */,
				18541D862686BAD700CF9227 /* ButtonColorExtension.swift in Sources */,
				18541DC42687E8CC00CF9227 /* Validation+Extension.swift in Sources */,
				18541D8A2686CB3A00CF9227 /* SetUp.swift in Sources */,
				187D6CC5268691DE0011D56D /* AppDelegate.swift in Sources */,
				18541D992686EC0C00CF9227 /* LoginHomeScreenViewController.swift in Sources */,
				18541DB726879BF000CF9227 /* NetworkingError.swift in Sources */,
				18541E0726896C6500CF9227 /* CardsViewController.swift in Sources */,
				18541DBD2687E37300CF9227 /* RegisterStruct.swift in Sources */,
				187D6CC7268691DE0011D56D /* SceneDelegate.swift in Sources */,
				18541DBA2687ACFC00CF9227 /* NetworkResponse.swift in Sources */,
			);
			runOnlyForDeploymentPostprocessing = 0;
		};
/* End PBXSourcesBuildPhase section */

/* Begin PBXVariantGroup section */
		187D6CCA268691DE0011D56D /* Main.storyboard */ = {
			isa = PBXVariantGroup;
			children = (
				187D6CCB268691DE0011D56D /* Base */,
			);
			name = Main.storyboard;
			sourceTree = "<group>";
		};
		187D6CCF268691E00011D56D /* LaunchScreen.storyboard */ = {
			isa = PBXVariantGroup;
			children = (
				187D6CD0268691E00011D56D /* Base */,
			);
			name = LaunchScreen.storyboard;
			sourceTree = "<group>";
		};
/* End PBXVariantGroup section */

/* Begin XCBuildConfiguration section */
		187D6CD3268691E00011D56D /* Debug */ = {
			isa = XCBuildConfiguration;
			buildSettings = {
				ALWAYS_SEARCH_USER_PATHS = NO;
				CLANG_ANALYZER_NONNULL = YES;
				CLANG_ANALYZER_NUMBER_OBJECT_CONVERSION = YES_AGGRESSIVE;
				CLANG_CXX_LANGUAGE_STANDARD = "gnu++14";
				CLANG_CXX_LIBRARY = "libc++";
				CLANG_ENABLE_MODULES = YES;
				CLANG_ENABLE_OBJC_ARC = YES;
				CLANG_ENABLE_OBJC_WEAK = YES;
				CLANG_WARN_BLOCK_CAPTURE_AUTORELEASING = YES;
				CLANG_WARN_BOOL_CONVERSION = YES;
				CLANG_WARN_COMMA = YES;
				CLANG_WARN_CONSTANT_CONVERSION = YES;
				CLANG_WARN_DEPRECATED_OBJC_IMPLEMENTATIONS = YES;
				CLANG_WARN_DIRECT_OBJC_ISA_USAGE = YES_ERROR;
				CLANG_WARN_DOCUMENTATION_COMMENTS = YES;
				CLANG_WARN_EMPTY_BODY = YES;
				CLANG_WARN_ENUM_CONVERSION = YES;
				CLANG_WARN_INFINITE_RECURSION = YES;
				CLANG_WARN_INT_CONVERSION = YES;
				CLANG_WARN_NON_LITERAL_NULL_CONVERSION = YES;
				CLANG_WARN_OBJC_IMPLICIT_RETAIN_SELF = YES;
				CLANG_WARN_OBJC_LITERAL_CONVERSION = YES;
				CLANG_WARN_OBJC_ROOT_CLASS = YES_ERROR;
				CLANG_WARN_QUOTED_INCLUDE_IN_FRAMEWORK_HEADER = YES;
				CLANG_WARN_RANGE_LOOP_ANALYSIS = YES;
				CLANG_WARN_STRICT_PROTOTYPES = YES;
				CLANG_WARN_SUSPICIOUS_MOVE = YES;
				CLANG_WARN_UNGUARDED_AVAILABILITY = YES_AGGRESSIVE;
				CLANG_WARN_UNREACHABLE_CODE = YES;
				CLANG_WARN__DUPLICATE_METHOD_MATCH = YES;
				COPY_PHASE_STRIP = NO;
				DEBUG_INFORMATION_FORMAT = dwarf;
				ENABLE_STRICT_OBJC_MSGSEND = YES;
				ENABLE_TESTABILITY = YES;
				GCC_C_LANGUAGE_STANDARD = gnu11;
				GCC_DYNAMIC_NO_PIC = NO;
				GCC_NO_COMMON_BLOCKS = YES;
				GCC_OPTIMIZATION_LEVEL = 0;
				GCC_PREPROCESSOR_DEFINITIONS = (
					"DEBUG=1",
					"$(inherited)",
				);
				GCC_WARN_64_TO_32_BIT_CONVERSION = YES;
				GCC_WARN_ABOUT_RETURN_TYPE = YES_ERROR;
				GCC_WARN_UNDECLARED_SELECTOR = YES;
				GCC_WARN_UNINITIALIZED_AUTOS = YES_AGGRESSIVE;
				GCC_WARN_UNUSED_FUNCTION = YES;
				GCC_WARN_UNUSED_VARIABLE = YES;
				IPHONEOS_DEPLOYMENT_TARGET = 14.4;
				MTL_ENABLE_DEBUG_INFO = INCLUDE_SOURCE;
				MTL_FAST_MATH = YES;
				ONLY_ACTIVE_ARCH = YES;
				SDKROOT = iphoneos;
				SWIFT_ACTIVE_COMPILATION_CONDITIONS = DEBUG;
				SWIFT_OPTIMIZATION_LEVEL = "-Onone";
			};
			name = Debug;
		};
		187D6CD4268691E00011D56D /* Release */ = {
			isa = XCBuildConfiguration;
			buildSettings = {
				ALWAYS_SEARCH_USER_PATHS = NO;
				CLANG_ANALYZER_NONNULL = YES;
				CLANG_ANALYZER_NUMBER_OBJECT_CONVERSION = YES_AGGRESSIVE;
				CLANG_CXX_LANGUAGE_STANDARD = "gnu++14";
				CLANG_CXX_LIBRARY = "libc++";
				CLANG_ENABLE_MODULES = YES;
				CLANG_ENABLE_OBJC_ARC = YES;
				CLANG_ENABLE_OBJC_WEAK = YES;
				CLANG_WARN_BLOCK_CAPTURE_AUTORELEASING = YES;
				CLANG_WARN_BOOL_CONVERSION = YES;
				CLANG_WARN_COMMA = YES;
				CLANG_WARN_CONSTANT_CONVERSION = YES;
				CLANG_WARN_DEPRECATED_OBJC_IMPLEMENTATIONS = YES;
				CLANG_WARN_DIRECT_OBJC_ISA_USAGE = YES_ERROR;
				CLANG_WARN_DOCUMENTATION_COMMENTS = YES;
				CLANG_WARN_EMPTY_BODY = YES;
				CLANG_WARN_ENUM_CONVERSION = YES;
				CLANG_WARN_INFINITE_RECURSION = YES;
				CLANG_WARN_INT_CONVERSION = YES;
				CLANG_WARN_NON_LITERAL_NULL_CONVERSION = YES;
				CLANG_WARN_OBJC_IMPLICIT_RETAIN_SELF = YES;
				CLANG_WARN_OBJC_LITERAL_CONVERSION = YES;
				CLANG_WARN_OBJC_ROOT_CLASS = YES_ERROR;
				CLANG_WARN_QUOTED_INCLUDE_IN_FRAMEWORK_HEADER = YES;
				CLANG_WARN_RANGE_LOOP_ANALYSIS = YES;
				CLANG_WARN_STRICT_PROTOTYPES = YES;
				CLANG_WARN_SUSPICIOUS_MOVE = YES;
				CLANG_WARN_UNGUARDED_AVAILABILITY = YES_AGGRESSIVE;
				CLANG_WARN_UNREACHABLE_CODE = YES;
				CLANG_WARN__DUPLICATE_METHOD_MATCH = YES;
				COPY_PHASE_STRIP = NO;
				DEBUG_INFORMATION_FORMAT = "dwarf-with-dsym";
				ENABLE_NS_ASSERTIONS = NO;
				ENABLE_STRICT_OBJC_MSGSEND = YES;
				GCC_C_LANGUAGE_STANDARD = gnu11;
				GCC_NO_COMMON_BLOCKS = YES;
				GCC_WARN_64_TO_32_BIT_CONVERSION = YES;
				GCC_WARN_ABOUT_RETURN_TYPE = YES_ERROR;
				GCC_WARN_UNDECLARED_SELECTOR = YES;
				GCC_WARN_UNINITIALIZED_AUTOS = YES_AGGRESSIVE;
				GCC_WARN_UNUSED_FUNCTION = YES;
				GCC_WARN_UNUSED_VARIABLE = YES;
				IPHONEOS_DEPLOYMENT_TARGET = 14.4;
				MTL_ENABLE_DEBUG_INFO = NO;
				MTL_FAST_MATH = YES;
				SDKROOT = iphoneos;
				SWIFT_COMPILATION_MODE = wholemodule;
				SWIFT_OPTIMIZATION_LEVEL = "-O";
				VALIDATE_PRODUCT = YES;
			};
			name = Release;
		};
		187D6CD6268691E00011D56D /* Debug */ = {
			isa = XCBuildConfiguration;
			buildSettings = {
				ASSETCATALOG_COMPILER_APPICON_NAME = AppIcon;
				ASSETCATALOG_COMPILER_GLOBAL_ACCENT_COLOR_NAME = AccentColor;
				CODE_SIGN_STYLE = Automatic;
				INFOPLIST_FILE = "Fundall-Mini-Project/Info.plist";
				LD_RUNPATH_SEARCH_PATHS = (
					"$(inherited)",
					"@executable_path/Frameworks",
				);
				PRODUCT_BUNDLE_IDENTIFIER = "com.durodola.Fundall-Mini-Project";
				PRODUCT_NAME = "$(TARGET_NAME)";
				SWIFT_VERSION = 5.0;
				TARGETED_DEVICE_FAMILY = "1,2";
			};
			name = Debug;
		};
		187D6CD7268691E00011D56D /* Release */ = {
			isa = XCBuildConfiguration;
			buildSettings = {
				ASSETCATALOG_COMPILER_APPICON_NAME = AppIcon;
				ASSETCATALOG_COMPILER_GLOBAL_ACCENT_COLOR_NAME = AccentColor;
				CODE_SIGN_STYLE = Automatic;
				INFOPLIST_FILE = "Fundall-Mini-Project/Info.plist";
				LD_RUNPATH_SEARCH_PATHS = (
					"$(inherited)",
					"@executable_path/Frameworks",
				);
				PRODUCT_BUNDLE_IDENTIFIER = "com.durodola.Fundall-Mini-Project";
				PRODUCT_NAME = "$(TARGET_NAME)";
				SWIFT_VERSION = 5.0;
				TARGETED_DEVICE_FAMILY = "1,2";
			};
			name = Release;
		};
/* End XCBuildConfiguration section */

/* Begin XCConfigurationList section */
		187D6CBC268691DE0011D56D /* Build configuration list for PBXProject "Fundall-Mini-Project" */ = {
			isa = XCConfigurationList;
			buildConfigurations = (
				187D6CD3268691E00011D56D /* Debug */,
				187D6CD4268691E00011D56D /* Release */,
			);
			defaultConfigurationIsVisible = 0;
			defaultConfigurationName = Release;
		};
		187D6CD5268691E00011D56D /* Build configuration list for PBXNativeTarget "Fundall-Mini-Project" */ = {
			isa = XCConfigurationList;
			buildConfigurations = (
				187D6CD6268691E00011D56D /* Debug */,
				187D6CD7268691E00011D56D /* Release */,
			);
			defaultConfigurationIsVisible = 0;
			defaultConfigurationName = Release;
		};
/* End XCConfigurationList section */

/* Begin XCRemoteSwiftPackageReference section */
		18541DFB26894EB900CF9227 /* XCRemoteSwiftPackageReference "IQKeyboardManager" */ = {
			isa = XCRemoteSwiftPackageReference;
			repositoryURL = "https://github.com/hackiftekhar/IQKeyboardManager.git";
			requirement = {
				kind = upToNextMajorVersion;
				minimumVersion = 6.5.6;
			};
		};
/* End XCRemoteSwiftPackageReference section */

/* Begin XCSwiftPackageProductDependency section */
		18541DFC26894EB900CF9227 /* IQKeyboardManagerSwift */ = {
			isa = XCSwiftPackageProductDependency;
			package = 18541DFB26894EB900CF9227 /* XCRemoteSwiftPackageReference "IQKeyboardManager" */;
			productName = IQKeyboardManagerSwift;
		};
/* End XCSwiftPackageProductDependency section */
	};
	rootObject = 187D6CB9268691DE0011D56D /* Project object */;
}
